
Microsoft Visual Studio Solution File, Format Version 12.00
# Visual Studio Version 16
VisualStudioVersion = 16.0.29519.87
MinimumVisualStudioVersion = 10.0.40219.1
Project("{9A19103F-16F7-4668-BE54-9A1E7A4F7556}") = "BlackJackGameMVC", "BlackJackGameMVC\BlackJackGameMVC.csproj", "{AB1E285B-498E-4895-B0C2-263831616237}"
EndProject
Project("{9A19103F-16F7-4668-BE54-9A1E7A4F7556}") = "BlackJackGame.Tests", "BlackJackGame.Tests\BlackJackGame.Tests.csproj", "{496B76D8-7EEB-4049-B02D-25A0B78E02B3}"
EndProject
Global
	GlobalSection(SolutionConfigurationPlatforms) = preSolution
		Debug|Any CPU = Debug|Any CPU
		Release|Any CPU = Release|Any CPU
	EndGlobalSection
	GlobalSection(ProjectConfigurationPlatforms) = postSolution
		{AB1E285B-498E-4895-B0C2-263831616237}.Debug|Any CPU.ActiveCfg = Debug|Any CPU
		{AB1E285B-498E-4895-B0C2-263831616237}.Debug|Any CPU.Build.0 = Debug|Any CPU
		{AB1E285B-498E-4895-B0C2-263831616237}.Release|Any CPU.ActiveCfg = Release|Any CPU
		{AB1E285B-498E-4895-B0C2-263831616237}.Release|Any CPU.Build.0 = Release|Any CPU
		{496B76D8-7EEB-4049-B02D-25A0B78E02B3}.Debug|Any CPU.ActiveCfg = Debug|Any CPU
		{496B76D8-7EEB-4049-B02D-25A0B78E02B3}.Debug|Any CPU.Build.0 = Debug|Any CPU
		{496B76D8-7EEB-4049-B02D-25A0B78E02B3}.Release|Any CPU.ActiveCfg = Release|Any CPU
		{496B76D8-7EEB-4049-B02D-25A0B78E02B3}.Release|Any CPU.Build.0 = Release|Any CPU
	EndGlobalSection
	GlobalSection(SolutionProperties) = preSolution
		HideSolutionNode = FALSE
	EndGlobalSection
	GlobalSection(ExtensibilityGlobals) = postSolution
		SolutionGuid = {5A8C3F7B-86D4-48D5-A9EE-AAC6AD397057}
	EndGlobalSection
EndGlobal
